
Microsoft Visual Studio Solution File, Format Version 12.00
# Visual Studio 14
VisualStudioVersion = 14.0.25420.1
MinimumVisualStudioVersion = 10.0.40219.1
Project("{151D2E53-A2C4-4D7D-83FE-D05416EBD58E}") = "guidance-compute-n-tier-sql", "virtual-machines\n-tier-windows\guidance-compute-n-tier-sql.deployproj", "{96388C9F-BCE8-4FE4-9FB8-BA5A4135FA35}"
EndProject
Project("{2150E333-8FDC-42A3-9474-1A3956D46DE8}") = "PowerShell", "PowerShell", "{79E87345-09E6-45D3-B06A-2A32DB26D6D8}"
	ProjectSection(SolutionItems) = preProject
		PowerShell\DeployVirtualNetwork.ps1 = PowerShell\DeployVirtualNetwork.ps1
	EndProjectSection
EndProject
Global
	GlobalSection(SolutionConfigurationPlatforms) = preSolution
		Debug|Any CPU = Debug|Any CPU
		Release|Any CPU = Release|Any CPU
	EndGlobalSection
	GlobalSection(ProjectConfigurationPlatforms) = postSolution
		{96388C9F-BCE8-4FE4-9FB8-BA5A4135FA35}.Debug|Any CPU.ActiveCfg = Debug|Any CPU
		{96388C9F-BCE8-4FE4-9FB8-BA5A4135FA35}.Debug|Any CPU.Build.0 = Debug|Any CPU
		{96388C9F-BCE8-4FE4-9FB8-BA5A4135FA35}.Release|Any CPU.ActiveCfg = Release|Any CPU
		{96388C9F-BCE8-4FE4-9FB8-BA5A4135FA35}.Release|Any CPU.Build.0 = Release|Any CPU
	EndGlobalSection
	GlobalSection(SolutionProperties) = preSolution
		HideSolutionNode = FALSE
	EndGlobalSection
EndGlobal
